
Microsoft Visual Studio Solution File, Format Version 12.00
# Visual Studio Version 17
VisualStudioVersion = 17.4.33122.133
MinimumVisualStudioVersion = 10.0.40219.1
Project("{FAE04EC0-301F-11D3-BF4B-00C04F79EFBC}") = "Project_PartA_Sorokina_program", "Project_PartA_Sorokina_program\Project_PartA_Sorokina_program.csproj", "{B6AFEFCD-C72D-41BB-9F09-62CE4D74FCCF}"
EndProject
Project("{FAE04EC0-301F-11D3-BF4B-00C04F79EFBC}") = "TestProjectJewelryTest", "TestProjectJewelryTest\TestProjectJewelryTest.csproj", "{B5191A42-2CA6-4909-8E71-F8E9B821D8D3}"
EndProject
Global
	GlobalSection(SolutionConfigurationPlatforms) = preSolution
		Debug|Any CPU = Debug|Any CPU
		Release|Any CPU = Release|Any CPU
	EndGlobalSection
	GlobalSection(ProjectConfigurationPlatforms) = postSolution
		{B6AFEFCD-C72D-41BB-9F09-62CE4D74FCCF}.Debug|Any CPU.ActiveCfg = Debug|Any CPU
		{B6AFEFCD-C72D-41BB-9F09-62CE4D74FCCF}.Debug|Any CPU.Build.0 = Debug|Any CPU
		{B6AFEFCD-C72D-41BB-9F09-62CE4D74FCCF}.Release|Any CPU.ActiveCfg = Release|Any CPU
		{B6AFEFCD-C72D-41BB-9F09-62CE4D74FCCF}.Release|Any CPU.Build.0 = Release|Any CPU
		{B5191A42-2CA6-4909-8E71-F8E9B821D8D3}.Debug|Any CPU.ActiveCfg = Debug|Any CPU
		{B5191A42-2CA6-4909-8E71-F8E9B821D8D3}.Debug|Any CPU.Build.0 = Debug|Any CPU
		{B5191A42-2CA6-4909-8E71-F8E9B821D8D3}.Release|Any CPU.ActiveCfg = Release|Any CPU
		{B5191A42-2CA6-4909-8E71-F8E9B821D8D3}.Release|Any CPU.Build.0 = Release|Any CPU
	EndGlobalSection
	GlobalSection(SolutionProperties) = preSolution
		HideSolutionNode = FALSE
	EndGlobalSection
	GlobalSection(ExtensibilityGlobals) = postSolution
		SolutionGuid = {14780C40-BDC2-4671-9E3C-814E2962C73B}
	EndGlobalSection
EndGlobal
